
Microsoft Visual Studio Solution File, Format Version 12.00
# Visual Studio Version 17
VisualStudioVersion = 17.0.31903.59
MinimumVisualStudioVersion = 10.0.40219.1
Project("{FAE04EC0-301F-11D3-BF4B-00C04F79EFBC}") = "API", "API\API.csproj", "{38B5E0ED-8D9B-4826-BF4D-5AD8C0ADBBE2}"
EndProject
Project("{FAE04EC0-301F-11D3-BF4B-00C04F79EFBC}") = "Application", "Application\Application.csproj", "{EAF38801-BDBC-44F5-8019-BC67DF37FC11}"
EndProject
Project("{FAE04EC0-301F-11D3-BF4B-00C04F79EFBC}") = "Domain", "Domain\Domain.csproj", "{2D6D49AC-D719-4510-9DFB-046F6EB30C7B}"
EndProject
Project("{FAE04EC0-301F-11D3-BF4B-00C04F79EFBC}") = "Persistence", "Persistence\Persistence.csproj", "{E1E8EC98-7FDB-4B59-9F60-81037154377A}"
EndProject
Global
	GlobalSection(SolutionConfigurationPlatforms) = preSolution
		Debug|Any CPU = Debug|Any CPU
		Debug|x64 = Debug|x64
		Debug|x86 = Debug|x86
		Release|Any CPU = Release|Any CPU
		Release|x64 = Release|x64
		Release|x86 = Release|x86
	EndGlobalSection
	GlobalSection(ProjectConfigurationPlatforms) = postSolution
		{38B5E0ED-8D9B-4826-BF4D-5AD8C0ADBBE2}.Debug|Any CPU.ActiveCfg = Debug|Any CPU
		{38B5E0ED-8D9B-4826-BF4D-5AD8C0ADBBE2}.Debug|Any CPU.Build.0 = Debug|Any CPU
		{38B5E0ED-8D9B-4826-BF4D-5AD8C0ADBBE2}.Debug|x64.ActiveCfg = Debug|Any CPU
		{38B5E0ED-8D9B-4826-BF4D-5AD8C0ADBBE2}.Debug|x64.Build.0 = Debug|Any CPU
		{38B5E0ED-8D9B-4826-BF4D-5AD8C0ADBBE2}.Debug|x86.ActiveCfg = Debug|Any CPU
		{38B5E0ED-8D9B-4826-BF4D-5AD8C0ADBBE2}.Debug|x86.Build.0 = Debug|Any CPU
		{38B5E0ED-8D9B-4826-BF4D-5AD8C0ADBBE2}.Release|Any CPU.ActiveCfg = Release|Any CPU
		{38B5E0ED-8D9B-4826-BF4D-5AD8C0ADBBE2}.Release|Any CPU.Build.0 = Release|Any CPU
		{38B5E0ED-8D9B-4826-BF4D-5AD8C0ADBBE2}.Release|x64.ActiveCfg = Release|Any CPU
		{38B5E0ED-8D9B-4826-BF4D-5AD8C0ADBBE2}.Release|x64.Build.0 = Release|Any CPU
		{38B5E0ED-8D9B-4826-BF4D-5AD8C0ADBBE2}.Release|x86.ActiveCfg = Release|Any CPU
		{38B5E0ED-8D9B-4826-BF4D-5AD8C0ADBBE2}.Release|x86.Build.0 = Release|Any CPU
		{EAF38801-BDBC-44F5-8019-BC67DF37FC11}.Debug|Any CPU.ActiveCfg = Debug|Any CPU
		{EAF38801-BDBC-44F5-8019-BC67DF37FC11}.Debug|Any CPU.Build.0 = Debug|Any CPU
		{EAF38801-BDBC-44F5-8019-BC67DF37FC11}.Debug|x64.ActiveCfg = Debug|Any CPU
		{EAF38801-BDBC-44F5-8019-BC67DF37FC11}.Debug|x64.Build.0 = Debug|Any CPU
		{EAF38801-BDBC-44F5-8019-BC67DF37FC11}.Debug|x86.ActiveCfg = Debug|Any CPU
		{EAF38801-BDBC-44F5-8019-BC67DF37FC11}.Debug|x86.Build.0 = Debug|Any CPU
		{EAF38801-BDBC-44F5-8019-BC67DF37FC11}.Release|Any CPU.ActiveCfg = Release|Any CPU
		{EAF38801-BDBC-44F5-8019-BC67DF37FC11}.Release|Any CPU.Build.0 = Release|Any CPU
		{EAF38801-BDBC-44F5-8019-BC67DF37FC11}.Release|x64.ActiveCfg = Release|Any CPU
		{EAF38801-BDBC-44F5-8019-BC67DF37FC11}.Release|x64.Build.0 = Release|Any CPU
		{EAF38801-BDBC-44F5-8019-BC67DF37FC11}.Release|x86.ActiveCfg = Release|Any CPU
		{EAF38801-BDBC-44F5-8019-BC67DF37FC11}.Release|x86.Build.0 = Release|Any CPU
		{2D6D49AC-D719-4510-9DFB-046F6EB30C7B}.Debug|Any CPU.ActiveCfg = Debug|Any CPU
		{2D6D49AC-D719-4510-9DFB-046F6EB30C7B}.Debug|Any CPU.Build.0 = Debug|Any CPU
		{2D6D49AC-D719-4510-9DFB-046F6EB30C7B}.Debug|x64.ActiveCfg = Debug|Any CPU
		{2D6D49AC-D719-4510-9DFB-046F6EB30C7B}.Debug|x64.Build.0 = Debug|Any CPU
		{2D6D49AC-D719-4510-9DFB-046F6EB30C7B}.Debug|x86.ActiveCfg = Debug|Any CPU
		{2D6D49AC-D719-4510-9DFB-046F6EB30C7B}.Debug|x86.Build.0 = Debug|Any CPU
		{2D6D49AC-D719-4510-9DFB-046F6EB30C7B}.Release|Any CPU.ActiveCfg = Release|Any CPU
		{2D6D49AC-D719-4510-9DFB-046F6EB30C7B}.Release|Any CPU.Build.0 = Release|Any CPU
		{2D6D49AC-D719-4510-9DFB-046F6EB30C7B}.Release|x64.ActiveCfg = Release|Any CPU
		{2D6D49AC-D719-4510-9DFB-046F6EB30C7B}.Release|x64.Build.0 = Release|Any CPU
		{2D6D49AC-D719-4510-9DFB-046F6EB30C7B}.Release|x86.ActiveCfg = Release|Any CPU
		{2D6D49AC-D719-4510-9DFB-046F6EB30C7B}.Release|x86.Build.0 = Release|Any CPU
		{E1E8EC98-7FDB-4B59-9F60-81037154377A}.Debug|Any CPU.ActiveCfg = Debug|Any CPU
		{E1E8EC98-7FDB-4B59-9F60-81037154377A}.Debug|Any CPU.Build.0 = Debug|Any CPU
		{E1E8EC98-7FDB-4B59-9F60-81037154377A}.Debug|x64.ActiveCfg = Debug|Any CPU
		{E1E8EC98-7FDB-4B59-9F60-81037154377A}.Debug|x64.Build.0 = Debug|Any CPU
		{E1E8EC98-7FDB-4B59-9F60-81037154377A}.Debug|x86.ActiveCfg = Debug|Any CPU
		{E1E8EC98-7FDB-4B59-9F60-81037154377A}.Debug|x86.Build.0 = Debug|Any CPU
		{E1E8EC98-7FDB-4B59-9F60-81037154377A}.Release|Any CPU.ActiveCfg = Release|Any CPU
		{E1E8EC98-7FDB-4B59-9F60-81037154377A}.Release|Any CPU.Build.0 = Release|Any CPU
		{E1E8EC98-7FDB-4B59-9F60-81037154377A}.Release|x64.ActiveCfg = Release|Any CPU
		{E1E8EC98-7FDB-4B59-9F60-81037154377A}.Release|x64.Build.0 = Release|Any CPU
		{E1E8EC98-7FDB-4B59-9F60-81037154377A}.Release|x86.ActiveCfg = Release|Any CPU
		{E1E8EC98-7FDB-4B59-9F60-81037154377A}.Release|x86.Build.0 = Release|Any CPU
	EndGlobalSection
	GlobalSection(SolutionProperties) = preSolution
		HideSolutionNode = FALSE
	EndGlobalSection
EndGlobal
